
Microsoft Visual Studio Solution File, Format Version 12.00
# Visual Studio Version 17
VisualStudioVersion = 17.10.35013.160
MinimumVisualStudioVersion = 10.0.40219.1
Project("{FAE04EC0-301F-11D3-BF4B-00C04F79EFBC}") = "Project", "Project.csproj", "{0B8B9EA1-9150-415B-9961-536509F8BA20}"
EndProject
Global
	GlobalSection(SolutionConfigurationPlatforms) = preSolution
		Debug|Any CPU = Debug|Any CPU
		Release|Any CPU = Release|Any CPU
	EndGlobalSection
	GlobalSection(ProjectConfigurationPlatforms) = postSolution
		{0B8B9EA1-9150-415B-9961-536509F8BA20}.Debug|Any CPU.ActiveCfg = Debug|Any CPU
		{0B8B9EA1-9150-415B-9961-536509F8BA20}.Debug|Any CPU.Build.0 = Debug|Any CPU
		{0B8B9EA1-9150-415B-9961-536509F8BA20}.Release|Any CPU.ActiveCfg = Release|Any CPU
		{0B8B9EA1-9150-415B-9961-536509F8BA20}.Release|Any CPU.Build.0 = Release|Any CPU
	EndGlobalSection
	GlobalSection(SolutionProperties) = preSolution
		HideSolutionNode = FALSE
	EndGlobalSection
	GlobalSection(ExtensibilityGlobals) = postSolution
		SolutionGuid = {5B6D13A3-07C1-4E1D-8FF6-F05B5854DECF}
	EndGlobalSection
EndGlobal
